
Microsoft Visual Studio Solution File, Format Version 12.00
# Visual Studio 2012
Project("{FAE04EC0-301F-11D3-BF4B-00C04F79EFBC}") = "Variables", "Variables\Variables.csproj", "{AFAA4A39-3713-4DA0-AC2F-CEE39373BA49}"
EndProject
Global
	GlobalSection(SolutionConfigurationPlatforms) = preSolution
		Debug|Any CPU = Debug|Any CPU
		Release|Any CPU = Release|Any CPU
	EndGlobalSection
	GlobalSection(ProjectConfigurationPlatforms) = postSolution
		{AFAA4A39-3713-4DA0-AC2F-CEE39373BA49}.Debug|Any CPU.ActiveCfg = Debug|Any CPU
		{AFAA4A39-3713-4DA0-AC2F-CEE39373BA49}.Debug|Any CPU.Build.0 = Debug|Any CPU
		{AFAA4A39-3713-4DA0-AC2F-CEE39373BA49}.Release|Any CPU.ActiveCfg = Release|Any CPU
		{AFAA4A39-3713-4DA0-AC2F-CEE39373BA49}.Release|Any CPU.Build.0 = Release|Any CPU
	EndGlobalSection
	GlobalSection(SolutionProperties) = preSolution
		HideSolutionNode = FALSE
	EndGlobalSection
EndGlobal
